
Microsoft Visual Studio Solution File, Format Version 12.00
# Visual Studio Version 17
VisualStudioVersion = 17.9.34728.123
MinimumVisualStudioVersion = 10.0.40219.1
Project("{FAE04EC0-301F-11D3-BF4B-00C04F79EFBC}") = "Shop.Web", "Shop.Web\Shop.Web.csproj", "{F5623C35-3005-425E-BB55-1C73107F76FA}"
EndProject
Project("{FAE04EC0-301F-11D3-BF4B-00C04F79EFBC}") = "Shop.DAL", "Shop.DAL\Shop.DAL.csproj", "{8B5F23A8-39F0-47ED-8E20-05A2DD3590A6}"
EndProject
Global
	GlobalSection(SolutionConfigurationPlatforms) = preSolution
		Debug|Any CPU = Debug|Any CPU
		Release|Any CPU = Release|Any CPU
	EndGlobalSection
	GlobalSection(ProjectConfigurationPlatforms) = postSolution
		{F5623C35-3005-425E-BB55-1C73107F76FA}.Debug|Any CPU.ActiveCfg = Debug|Any CPU
		{F5623C35-3005-425E-BB55-1C73107F76FA}.Debug|Any CPU.Build.0 = Debug|Any CPU
		{F5623C35-3005-425E-BB55-1C73107F76FA}.Release|Any CPU.ActiveCfg = Release|Any CPU
		{F5623C35-3005-425E-BB55-1C73107F76FA}.Release|Any CPU.Build.0 = Release|Any CPU
		{8B5F23A8-39F0-47ED-8E20-05A2DD3590A6}.Debug|Any CPU.ActiveCfg = Debug|Any CPU
		{8B5F23A8-39F0-47ED-8E20-05A2DD3590A6}.Debug|Any CPU.Build.0 = Debug|Any CPU
		{8B5F23A8-39F0-47ED-8E20-05A2DD3590A6}.Release|Any CPU.ActiveCfg = Release|Any CPU
		{8B5F23A8-39F0-47ED-8E20-05A2DD3590A6}.Release|Any CPU.Build.0 = Release|Any CPU
	EndGlobalSection
	GlobalSection(SolutionProperties) = preSolution
		HideSolutionNode = FALSE
	EndGlobalSection
	GlobalSection(ExtensibilityGlobals) = postSolution
		SolutionGuid = {5638D24E-139D-4E91-A15A-83240BB07AC4}
	EndGlobalSection
EndGlobal
